
Microsoft Visual Studio Solution File, Format Version 12.00
# Visual Studio Version 17
VisualStudioVersion = 17.5.002.0
MinimumVisualStudioVersion = 10.0.40219.1
Project("{9A19103F-16F7-4668-BE54-9A1E7A4F7556}") = "FolderEncryption", "FolderEncryption.csproj", "{8DECAC0E-79AE-416C-8551-87DD61B020C7}"
EndProject
Global
	GlobalSection(SolutionConfigurationPlatforms) = preSolution
		Debug|Any CPU = Debug|Any CPU
		Release|Any CPU = Release|Any CPU
	EndGlobalSection
	GlobalSection(ProjectConfigurationPlatforms) = postSolution
		{8DECAC0E-79AE-416C-8551-87DD61B020C7}.Debug|Any CPU.ActiveCfg = Debug|Any CPU
		{8DECAC0E-79AE-416C-8551-87DD61B020C7}.Debug|Any CPU.Build.0 = Debug|Any CPU
		{8DECAC0E-79AE-416C-8551-87DD61B020C7}.Release|Any CPU.ActiveCfg = Release|Any CPU
		{8DECAC0E-79AE-416C-8551-87DD61B020C7}.Release|Any CPU.Build.0 = Release|Any CPU
	EndGlobalSection
	GlobalSection(SolutionProperties) = preSolution
		HideSolutionNode = FALSE
	EndGlobalSection
	GlobalSection(ExtensibilityGlobals) = postSolution
		SolutionGuid = {38515726-ACEC-4E2E-BDA5-B8A44795BDC9}
	EndGlobalSection
EndGlobal
